
Microsoft Visual Studio Solution File, Format Version 12.00
# Visual Studio Version 16
VisualStudioVersion = 16.0.30114.105
MinimumVisualStudioVersion = 10.0.40219.1
Project("{FAE04EC0-301F-11D3-BF4B-00C04F79EFBC}") = "TCIDCheckerLibrary", "TCIDCheckerLibrary\TCIDCheckerLibrary.csproj", "{56FE4983-AA9D-4B77-80BB-E0CB69CBC4CC}"
EndProject
Project("{FAE04EC0-301F-11D3-BF4B-00C04F79EFBC}") = "ShowCase", "ShowCase\ShowCase.csproj", "{F760993E-2FB4-4011-A10D-C78FD2A40172}"
EndProject
Global
	GlobalSection(SolutionConfigurationPlatforms) = preSolution
		Debug|Any CPU = Debug|Any CPU
		Release|Any CPU = Release|Any CPU
	EndGlobalSection
	GlobalSection(SolutionProperties) = preSolution
		HideSolutionNode = FALSE
	EndGlobalSection
	GlobalSection(ProjectConfigurationPlatforms) = postSolution
		{56FE4983-AA9D-4B77-80BB-E0CB69CBC4CC}.Debug|Any CPU.ActiveCfg = Debug|Any CPU
		{56FE4983-AA9D-4B77-80BB-E0CB69CBC4CC}.Debug|Any CPU.Build.0 = Debug|Any CPU
		{56FE4983-AA9D-4B77-80BB-E0CB69CBC4CC}.Release|Any CPU.ActiveCfg = Release|Any CPU
		{56FE4983-AA9D-4B77-80BB-E0CB69CBC4CC}.Release|Any CPU.Build.0 = Release|Any CPU
		{F760993E-2FB4-4011-A10D-C78FD2A40172}.Debug|Any CPU.ActiveCfg = Debug|Any CPU
		{F760993E-2FB4-4011-A10D-C78FD2A40172}.Debug|Any CPU.Build.0 = Debug|Any CPU
		{F760993E-2FB4-4011-A10D-C78FD2A40172}.Release|Any CPU.ActiveCfg = Release|Any CPU
		{F760993E-2FB4-4011-A10D-C78FD2A40172}.Release|Any CPU.Build.0 = Release|Any CPU
	EndGlobalSection
EndGlobal
